{
  "originHash" : "fb945bb94e342cf67bf12ec12881293121b2ca222f30b446239600d1d4167c88",
  "pins" : [
    {
      "identity" : "consti",
      "kind" : "remoteSourceControl",
      "location" : "https://github.com/kaiengelhardt/consti",
      "state" : {
        "revision" : "2d17ede4bf41681e9d34225c68f1174be0509577",
        "version" : "1.0.2"
      }
    }
  ],
  "version" : 3
}
