// !$*UTF8*$!
{
	archiveVersion = 1;
	classes = {
	};
	objectVersion = 50;
	objects = {

/* Begin PBXBuildFile section */
		5E1E246726C049ED00DC80B1 /* KEFoundation.framework in Frameworks */ = {isa = PBXBuildFile; fileRef = 5E1E245D26C049ED00DC80B1 /* KEFoundation.framework */; };
		5E1E246C26C049ED00DC80B1 /* KEFoundationTests.swift in Sources */ = {isa = PBXBuildFile; fileRef = 5E1E246B26C049ED00DC80B1 /* KEFoundationTests.swift */; };
		5E1E246E26C049ED00DC80B1 /* KEFoundation.h in Headers */ = {isa = PBXBuildFile; fileRef = 5E1E246026C049ED00DC80B1 /* KEFoundation.h */; settings = {ATTRIBUTES = (Public, ); }; };
		5E1E247C26C04A8A00DC80B1 /* Dummy.swift in Sources */ = {isa = PBXBuildFile; fileRef = 5E1E247B26C04A8A00DC80B1 /* Dummy.swift */; };
/* End PBXBuildFile section */

/* Begin PBXContainerItemProxy section */
		5E1E246826C049ED00DC80B1 /* PBXContainerItemProxy */ = {
			isa = PBXContainerItemProxy;
			containerPortal = 5E1E245426C049ED00DC80B1 /* Project object */;
			proxyType = 1;
			remoteGlobalIDString = 5E1E245C26C049ED00DC80B1;
			remoteInfo = KEFoundation;
		};
/* End PBXContainerItemProxy section */

/* Begin PBXFileReference section */
		5E1E245D26C049ED00DC80B1 /* KEFoundation.framework */ = {isa = PBXFileReference; explicitFileType = wrapper.framework; includeInIndex = 0; path = KEFoundation.framework; sourceTree = BUILT_PRODUCTS_DIR; };
		5E1E246026C049ED00DC80B1 /* KEFoundation.h */ = {isa = PBXFileReference; lastKnownFileType = sourcecode.c.h; path = KEFoundation.h; sourceTree = "<group>"; };
		5E1E246126C049ED00DC80B1 /* Info.plist */ = {isa = PBXFileReference; lastKnownFileType = text.plist.xml; path = Info.plist; sourceTree = "<group>"; };
		5E1E246626C049ED00DC80B1 /* KEFoundation Unit Tests.xctest */ = {isa = PBXFileReference; explicitFileType = wrapper.cfbundle; includeInIndex = 0; path = "KEFoundation Unit Tests.xctest"; sourceTree = BUILT_PRODUCTS_DIR; };
		5E1E246B26C049ED00DC80B1 /* KEFoundationTests.swift */ = {isa = PBXFileReference; lastKnownFileType = sourcecode.swift; path = KEFoundationTests.swift; sourceTree = "<group>"; };
		5E1E246D26C049ED00DC80B1 /* Info.plist */ = {isa = PBXFileReference; lastKnownFileType = text.plist.xml; path = Info.plist; sourceTree = "<group>"; };
		5E1E247B26C04A8A00DC80B1 /* Dummy.swift */ = {isa = PBXFileReference; lastKnownFileType = sourcecode.swift; path = Dummy.swift; sourceTree = "<group>"; };
		5E1E247E26C04B6100DC80B1 /* KEFoundation-Shared.xcconfig */ = {isa = PBXFileReference; lastKnownFileType = text.xcconfig; path = "KEFoundation-Shared.xcconfig"; sourceTree = "<group>"; };
		5E1E247F26C04B6100DC80B1 /* KEFoundation-Release.xcconfig */ = {isa = PBXFileReference; lastKnownFileType = text.xcconfig; path = "KEFoundation-Release.xcconfig"; sourceTree = "<group>"; };
		5E1E248026C04B6100DC80B1 /* KEFoundation-Debug.xcconfig */ = {isa = PBXFileReference; lastKnownFileType = text.xcconfig; path = "KEFoundation-Debug.xcconfig"; sourceTree = "<group>"; };
		5E1E248226C04B6100DC80B1 /* KEFoundation-Unit-Tests-Release.xcconfig */ = {isa = PBXFileReference; lastKnownFileType = text.xcconfig; path = "KEFoundation-Unit-Tests-Release.xcconfig"; sourceTree = "<group>"; };
		5E1E248326C04B6100DC80B1 /* KEFoundation-Unit-Tests-Debug.xcconfig */ = {isa = PBXFileReference; lastKnownFileType = text.xcconfig; path = "KEFoundation-Unit-Tests-Debug.xcconfig"; sourceTree = "<group>"; };
		5E1E248426C04B6100DC80B1 /* KEFoundation-Unit-Tests-Shared.xcconfig */ = {isa = PBXFileReference; lastKnownFileType = text.xcconfig; path = "KEFoundation-Unit-Tests-Shared.xcconfig"; sourceTree = "<group>"; };
		5E1E248626C04B6100DC80B1 /* Project-Release.xcconfig */ = {isa = PBXFileReference; lastKnownFileType = text.xcconfig; path = "Project-Release.xcconfig"; sourceTree = "<group>"; };
		5E1E248726C04B6100DC80B1 /* Project-Shared.xcconfig */ = {isa = PBXFileReference; lastKnownFileType = text.xcconfig; path = "Project-Shared.xcconfig"; sourceTree = "<group>"; };
		5E1E248826C04B6100DC80B1 /* Project-Debug.xcconfig */ = {isa = PBXFileReference; lastKnownFileType = text.xcconfig; path = "Project-Debug.xcconfig"; sourceTree = "<group>"; };
/* End PBXFileReference section */

/* Begin PBXFrameworksBuildPhase section */
		5E1E245A26C049ED00DC80B1 /* Frameworks */ = {
			isa = PBXFrameworksBuildPhase;
			buildActionMask = 2147483647;
			files = (
			);
			runOnlyForDeploymentPostprocessing = 0;
		};
		5E1E246326C049ED00DC80B1 /* Frameworks */ = {
			isa = PBXFrameworksBuildPhase;
			buildActionMask = 2147483647;
			files = (
				5E1E246726C049ED00DC80B1 /* KEFoundation.framework in Frameworks */,
			);
			runOnlyForDeploymentPostprocessing = 0;
		};
/* End PBXFrameworksBuildPhase section */

/* Begin PBXGroup section */
		5E1E245326C049ED00DC80B1 = {
			isa = PBXGroup;
			children = (
				5E1E245F26C049ED00DC80B1 /* Sources */,
				5E1E246A26C049ED00DC80B1 /* Unit Tests */,
				5E1E247926C04A1D00DC80B1 /* Other Sources */,
				5E1E247726C04A0800DC80B1 /* Resources */,
				5E1E245E26C049ED00DC80B1 /* Products */,
			);
			sourceTree = "<group>";
		};
		5E1E245E26C049ED00DC80B1 /* Products */ = {
			isa = PBXGroup;
			children = (
				5E1E245D26C049ED00DC80B1 /* KEFoundation.framework */,
				5E1E246626C049ED00DC80B1 /* KEFoundation Unit Tests.xctest */,
			);
			name = Products;
			sourceTree = "<group>";
		};
		5E1E245F26C049ED00DC80B1 /* Sources */ = {
			isa = PBXGroup;
			children = (
				5E1E247B26C04A8A00DC80B1 /* Dummy.swift */,
			);
			path = Sources;
			sourceTree = "<group>";
		};
		5E1E246A26C049ED00DC80B1 /* Unit Tests */ = {
			isa = PBXGroup;
			children = (
				5E1E246B26C049ED00DC80B1 /* KEFoundationTests.swift */,
			);
			path = "Unit Tests";
			sourceTree = "<group>";
		};
		5E1E247726C04A0800DC80B1 /* Resources */ = {
			isa = PBXGroup;
			children = (
				5E1E247826C04A1000DC80B1 /* Unit Tests */,
				5E1E247A26C04A3600DC80B1 /* Project Contfiguration */,
				5E1E246126C049ED00DC80B1 /* Info.plist */,
			);
			path = Resources;
			sourceTree = "<group>";
		};
		5E1E247826C04A1000DC80B1 /* Unit Tests */ = {
			isa = PBXGroup;
			children = (
				5E1E246D26C049ED00DC80B1 /* Info.plist */,
			);
			path = "Unit Tests";
			sourceTree = "<group>";
		};
		5E1E247926C04A1D00DC80B1 /* Other Sources */ = {
			isa = PBXGroup;
			children = (
				5E1E246026C049ED00DC80B1 /* KEFoundation.h */,
			);
			path = "Other Sources";
			sourceTree = "<group>";
		};
		5E1E247A26C04A3600DC80B1 /* Project Contfiguration */ = {
			isa = PBXGroup;
			children = (
				5E1E248526C04B6100DC80B1 /* Project */,
				5E1E247D26C04B6100DC80B1 /* KEFoundation */,
				5E1E248126C04B6100DC80B1 /* KEFoundation Unit Tests */,
			);
			path = "Project Contfiguration";
			sourceTree = "<group>";
		};
		5E1E247D26C04B6100DC80B1 /* KEFoundation */ = {
			isa = PBXGroup;
			children = (
				5E1E247E26C04B6100DC80B1 /* KEFoundation-Shared.xcconfig */,
				5E1E248026C04B6100DC80B1 /* KEFoundation-Debug.xcconfig */,
				5E1E247F26C04B6100DC80B1 /* KEFoundation-Release.xcconfig */,
			);
			name = KEFoundation;
			path = "Project Configuration/KEFoundation";
			sourceTree = "<group>";
		};
		5E1E248126C04B6100DC80B1 /* KEFoundation Unit Tests */ = {
			isa = PBXGroup;
			children = (
				5E1E248426C04B6100DC80B1 /* KEFoundation-Unit-Tests-Shared.xcconfig */,
				5E1E248326C04B6100DC80B1 /* KEFoundation-Unit-Tests-Debug.xcconfig */,
				5E1E248226C04B6100DC80B1 /* KEFoundation-Unit-Tests-Release.xcconfig */,
			);
			name = "KEFoundation Unit Tests";
			path = "Project Configuration/KEFoundation Unit Tests";
			sourceTree = "<group>";
		};
		5E1E248526C04B6100DC80B1 /* Project */ = {
			isa = PBXGroup;
			children = (
				5E1E248726C04B6100DC80B1 /* Project-Shared.xcconfig */,
				5E1E248826C04B6100DC80B1 /* Project-Debug.xcconfig */,
				5E1E248626C04B6100DC80B1 /* Project-Release.xcconfig */,
			);
			name = Project;
			path = "Project Configuration/Project";
			sourceTree = "<group>";
		};
/* End PBXGroup section */

/* Begin PBXHeadersBuildPhase section */
		5E1E245826C049ED00DC80B1 /* Headers */ = {
			isa = PBXHeadersBuildPhase;
			buildActionMask = 2147483647;
			files = (
				5E1E246E26C049ED00DC80B1 /* KEFoundation.h in Headers */,
			);
			runOnlyForDeploymentPostprocessing = 0;
		};
/* End PBXHeadersBuildPhase section */

/* Begin PBXNativeTarget section */
		5E1E245C26C049ED00DC80B1 /* KEFoundation */ = {
			isa = PBXNativeTarget;
			buildConfigurationList = 5E1E247126C049ED00DC80B1 /* Build configuration list for PBXNativeTarget "KEFoundation" */;
			buildPhases = (
				5E1E245826C049ED00DC80B1 /* Headers */,
				5E1E245926C049ED00DC80B1 /* Sources */,
				5E1E245A26C049ED00DC80B1 /* Frameworks */,
				5E1E245B26C049ED00DC80B1 /* Resources */,
			);
			buildRules = (
			);
			dependencies = (
			);
			name = KEFoundation;
			productName = KEFoundation;
			productReference = 5E1E245D26C049ED00DC80B1 /* KEFoundation.framework */;
			productType = "com.apple.product-type.framework";
		};
		5E1E246526C049ED00DC80B1 /* KEFoundation Unit Tests */ = {
			isa = PBXNativeTarget;
			buildConfigurationList = 5E1E247426C049ED00DC80B1 /* Build configuration list for PBXNativeTarget "KEFoundation Unit Tests" */;
			buildPhases = (
				5E1E246226C049ED00DC80B1 /* Sources */,
				5E1E246326C049ED00DC80B1 /* Frameworks */,
				5E1E246426C049ED00DC80B1 /* Resources */,
			);
			buildRules = (
			);
			dependencies = (
				5E1E246926C049ED00DC80B1 /* PBXTargetDependency */,
			);
			name = "KEFoundation Unit Tests";
			productName = KEFoundationTests;
			productReference = 5E1E246626C049ED00DC80B1 /* KEFoundation Unit Tests.xctest */;
			productType = "com.apple.product-type.bundle.unit-test";
		};
/* End PBXNativeTarget section */

/* Begin PBXProject section */
		5E1E245426C049ED00DC80B1 /* Project object */ = {
			isa = PBXProject;
			attributes = {
				LastSwiftUpdateCheck = 1250;
				LastUpgradeCheck = 1250;
				TargetAttributes = {
					5E1E245C26C049ED00DC80B1 = {
						CreatedOnToolsVersion = 12.5.1;
						LastSwiftMigration = 1250;
					};
					5E1E246526C049ED00DC80B1 = {
						CreatedOnToolsVersion = 12.5.1;
					};
				};
			};
			buildConfigurationList = 5E1E245726C049ED00DC80B1 /* Build configuration list for PBXProject "KEFoundation" */;
			compatibilityVersion = "Xcode 9.3";
			developmentRegion = en;
			hasScannedForEncodings = 0;
			knownRegions = (
				en,
				Base,
			);
			mainGroup = 5E1E245326C049ED00DC80B1;
			productRefGroup = 5E1E245E26C049ED00DC80B1 /* Products */;
			projectDirPath = "";
			projectRoot = "";
			targets = (
				5E1E245C26C049ED00DC80B1 /* KEFoundation */,
				5E1E246526C049ED00DC80B1 /* KEFoundation Unit Tests */,
			);
		};
/* End PBXProject section */

/* Begin PBXResourcesBuildPhase section */
		5E1E245B26C049ED00DC80B1 /* Resources */ = {
			isa = PBXResourcesBuildPhase;
			buildActionMask = 2147483647;
			files = (
			);
			runOnlyForDeploymentPostprocessing = 0;
		};
		5E1E246426C049ED00DC80B1 /* Resources */ = {
			isa = PBXResourcesBuildPhase;
			buildActionMask = 2147483647;
			files = (
			);
			runOnlyForDeploymentPostprocessing = 0;
		};
/* End PBXResourcesBuildPhase section */

/* Begin PBXSourcesBuildPhase section */
		5E1E245926C049ED00DC80B1 /* Sources */ = {
			isa = PBXSourcesBuildPhase;
			buildActionMask = 2147483647;
			files = (
				5E1E247C26C04A8A00DC80B1 /* Dummy.swift in Sources */,
			);
			runOnlyForDeploymentPostprocessing = 0;
		};
		5E1E246226C049ED00DC80B1 /* Sources */ = {
			isa = PBXSourcesBuildPhase;
			buildActionMask = 2147483647;
			files = (
				5E1E246C26C049ED00DC80B1 /* KEFoundationTests.swift in Sources */,
			);
			runOnlyForDeploymentPostprocessing = 0;
		};
/* End PBXSourcesBuildPhase section */

/* Begin PBXTargetDependency section */
		5E1E246926C049ED00DC80B1 /* PBXTargetDependency */ = {
			isa = PBXTargetDependency;
			target = 5E1E245C26C049ED00DC80B1 /* KEFoundation */;
			targetProxy = 5E1E246826C049ED00DC80B1 /* PBXContainerItemProxy */;
		};
/* End PBXTargetDependency section */

/* Begin XCBuildConfiguration section */
		5E1E246F26C049ED00DC80B1 /* Debug */ = {
			isa = XCBuildConfiguration;
			baseConfigurationReference = 5E1E248826C04B6100DC80B1 /* Project-Debug.xcconfig */;
			buildSettings = {
			};
			name = Debug;
		};
		5E1E247026C049ED00DC80B1 /* Release */ = {
			isa = XCBuildConfiguration;
			baseConfigurationReference = 5E1E248626C04B6100DC80B1 /* Project-Release.xcconfig */;
			buildSettings = {
			};
			name = Release;
		};
		5E1E247226C049ED00DC80B1 /* Debug */ = {
			isa = XCBuildConfiguration;
			baseConfigurationReference = 5E1E248026C04B6100DC80B1 /* KEFoundation-Debug.xcconfig */;
			buildSettings = {
			};
			name = Debug;
		};
		5E1E247326C049ED00DC80B1 /* Release */ = {
			isa = XCBuildConfiguration;
			baseConfigurationReference = 5E1E247F26C04B6100DC80B1 /* KEFoundation-Release.xcconfig */;
			buildSettings = {
			};
			name = Release;
		};
		5E1E247526C049ED00DC80B1 /* Debug */ = {
			isa = XCBuildConfiguration;
			baseConfigurationReference = 5E1E248326C04B6100DC80B1 /* KEFoundation-Unit-Tests-Debug.xcconfig */;
			buildSettings = {
			};
			name = Debug;
		};
		5E1E247626C049ED00DC80B1 /* Release */ = {
			isa = XCBuildConfiguration;
			baseConfigurationReference = 5E1E248226C04B6100DC80B1 /* KEFoundation-Unit-Tests-Release.xcconfig */;
			buildSettings = {
			};
			name = Release;
		};
/* End XCBuildConfiguration section */

/* Begin XCConfigurationList section */
		5E1E245726C049ED00DC80B1 /* Build configuration list for PBXProject "KEFoundation" */ = {
			isa = XCConfigurationList;
			buildConfigurations = (
				5E1E246F26C049ED00DC80B1 /* Debug */,
				5E1E247026C049ED00DC80B1 /* Release */,
			);
			defaultConfigurationIsVisible = 0;
			defaultConfigurationName = Release;
		};
		5E1E247126C049ED00DC80B1 /* Build configuration list for PBXNativeTarget "KEFoundation" */ = {
			isa = XCConfigurationList;
			buildConfigurations = (
				5E1E247226C049ED00DC80B1 /* Debug */,
				5E1E247326C049ED00DC80B1 /* Release */,
			);
			defaultConfigurationIsVisible = 0;
			defaultConfigurationName = Release;
		};
		5E1E247426C049ED00DC80B1 /* Build configuration list for PBXNativeTarget "KEFoundation Unit Tests" */ = {
			isa = XCConfigurationList;
			buildConfigurations = (
				5E1E247526C049ED00DC80B1 /* Debug */,
				5E1E247626C049ED00DC80B1 /* Release */,
			);
			defaultConfigurationIsVisible = 0;
			defaultConfigurationName = Release;
		};
/* End XCConfigurationList section */
	};
	rootObject = 5E1E245426C049ED00DC80B1 /* Project object */;
}
